// !$*UTF8*$!
{
	archiveVersion = 1;
	classes = {
	};
	objectVersion = 50;
	objects = {

/* Begin PBXBuildFile section */
		869E24BD255660F70061D72A /* AppDelegate.swift in Sources */ = {isa = PBXBuildFile; fileRef = 869E24BC255660F70061D72A /* AppDelegate.swift */; };
		869E24BF255660F70061D72A /* SceneDelegate.swift in Sources */ = {isa = PBXBuildFile; fileRef = 869E24BE255660F70061D72A /* SceneDelegate.swift */; };
		869E24C1255660F70061D72A /* ViewController.swift in Sources */ = {isa = PBXBuildFile; fileRef = 869E24C0255660F70061D72A /* ViewController.swift */; };
		869E24C4255660F70061D72A /* Main.storyboard in Resources */ = {isa = PBXBuildFile; fileRef = 869E24C2255660F70061D72A /* Main.storyboard */; };
		869E24C6255660F80061D72A /* Assets.xcassets in Resources */ = {isa = PBXBuildFile; fileRef = 869E24C5255660F80061D72A /* Assets.xcassets */; };
		869E24C9255660F80061D72A /* LaunchScreen.storyboard in Resources */ = {isa = PBXBuildFile; fileRef = 869E24C7255660F80061D72A /* LaunchScreen.storyboard */; };
		869E24D12556638A0061D72A /* key.png in Resources */ = {isa = PBXBuildFile; fileRef = 869E24D02556638A0061D72A /* key.png */; };
		869E24D3255663950061D72A /* setting.png in Resources */ = {isa = PBXBuildFile; fileRef = 869E24D2255663950061D72A /* setting.png */; };
		869E24D5255673610061D72A /* NextViewController.swift in Sources */ = {isa = PBXBuildFile; fileRef = 869E24D4255673610061D72A /* NextViewController.swift */; };
/* End PBXBuildFile section */

/* Begin PBXFileReference section */
		869E24B9255660F70061D72A /* SwiftButton10.app */ = {isa = PBXFileReference; explicitFileType = wrapper.application; includeInIndex = 0; path = SwiftButton10.app; sourceTree = BUILT_PRODUCTS_DIR; };
		869E24BC255660F70061D72A /* AppDelegate.swift */ = {isa = PBXFileReference; lastKnownFileType = sourcecode.swift; path = AppDelegate.swift; sourceTree = "<group>"; };
		869E24BE255660F70061D72A /* SceneDelegate.swift */ = {isa = PBXFileReference; lastKnownFileType = sourcecode.swift; path = SceneDelegate.swift; sourceTree = "<group>"; };
		869E24C0255660F70061D72A /* ViewController.swift */ = {isa = PBXFileReference; lastKnownFileType = sourcecode.swift; path = ViewController.swift; sourceTree = "<group>"; };
		869E24C3255660F70061D72A /* Base */ = {isa = PBXFileReference; lastKnownFileType = file.storyboard; name = Base; path = Base.lproj/Main.storyboard; sourceTree = "<group>"; };
		869E24C5255660F80061D72A /* Assets.xcassets */ = {isa = PBXFileReference; lastKnownFileType = folder.assetcatalog; path = Assets.xcassets; sourceTree = "<group>"; };
		869E24C8255660F80061D72A /* Base */ = {isa = PBXFileReference; lastKnownFileType = file.storyboard; name = Base; path = Base.lproj/LaunchScreen.storyboard; sourceTree = "<group>"; };
		869E24CA255660F80061D72A /* Info.plist */ = {isa = PBXFileReference; lastKnownFileType = text.plist.xml; path = Info.plist; sourceTree = "<group>"; };
		869E24D02556638A0061D72A /* key.png */ = {isa = PBXFileReference; lastKnownFileType = image.png; path = key.png; sourceTree = "<group>"; };
		869E24D2255663950061D72A /* setting.png */ = {isa = PBXFileReference; lastKnownFileType = image.png; path = setting.png; sourceTree = "<group>"; };
		869E24D4255673610061D72A /* NextViewController.swift */ = {isa = PBXFileReference; lastKnownFileType = sourcecode.swift; path = NextViewController.swift; sourceTree = "<group>"; };
/* End PBXFileReference section */

/* Begin PBXFrameworksBuildPhase section */
		869E24B6255660F70061D72A /* Frameworks */ = {
			isa = PBXFrameworksBuildPhase;
			buildActionMask = 2147483647;
			files = (
			);
			runOnlyForDeploymentPostprocessing = 0;
		};
/* End PBXFrameworksBuildPhase section */

/* Begin PBXGroup section */
		869E24B0255660F70061D72A = {
			isa = PBXGroup;
			children = (
				869E24BB255660F70061D72A /* SwiftButton10 */,
				869E24BA255660F70061D72A /* Products */,
			);
			sourceTree = "<group>";
		};
		869E24BA255660F70061D72A /* Products */ = {
			isa = PBXGroup;
			children = (
				869E24B9255660F70061D72A /* SwiftButton10.app */,
			);
			name = Products;
			sourceTree = "<group>";
		};
		869E24BB255660F70061D72A /* SwiftButton10 */ = {
			isa = PBXGroup;
			children = (
				869E24D2255663950061D72A /* setting.png */,
				869E24D02556638A0061D72A /* key.png */,
				869E24BC255660F70061D72A /* AppDelegate.swift */,
				869E24BE255660F70061D72A /* SceneDelegate.swift */,
				869E24C0255660F70061D72A /* ViewController.swift */,
				869E24D4255673610061D72A /* NextViewController.swift */,
				869E24C2255660F70061D72A /* Main.storyboard */,
				869E24C5255660F80061D72A /* Assets.xcassets */,
				869E24C7255660F80061D72A /* LaunchScreen.storyboard */,
				869E24CA255660F80061D72A /* Info.plist */,
			);
			path = SwiftButton10;
			sourceTree = "<group>";
		};
/* End PBXGroup section */

/* Begin PBXNativeTarget section */
		869E24B8255660F70061D72A /* SwiftButton10 */ = {
			isa = PBXNativeTarget;
			buildConfigurationList = 869E24CD255660F80061D72A /* Build configuration list for PBXNativeTarget "SwiftButton10" */;
			buildPhases = (
				869E24B5255660F70061D72A /* Sources */,
				869E24B6255660F70061D72A /* Frameworks */,
				869E24B7255660F70061D72A /* Resources */,
			);
			buildRules = (
			);
			dependencies = (
			);
			name = SwiftButton10;
			productName = SwiftButton10;
			productReference = 869E24B9255660F70061D72A /* SwiftButton10.app */;
			productType = "com.apple.product-type.application";
		};
/* End PBXNativeTarget section */

/* Begin PBXProject section */
		869E24B1255660F70061D72A /* Project object */ = {
			isa = PBXProject;
			attributes = {
				LastSwiftUpdateCheck = 1130;
				LastUpgradeCheck = 1130;
				ORGANIZATIONNAME = training;
				TargetAttributes = {
					869E24B8255660F70061D72A = {
						CreatedOnToolsVersion = 11.3.1;
					};
				};
			};
			buildConfigurationList = 869E24B4255660F70061D72A /* Build configuration list for PBXProject "SwiftButton10" */;
			compatibilityVersion = "Xcode 9.3";
			developmentRegion = en;
			hasScannedForEncodings = 0;
			knownRegions = (
				en,
				Base,
			);
			mainGroup = 869E24B0255660F70061D72A;
			productRefGroup = 869E24BA255660F70061D72A /* Products */;
			projectDirPath = "";
			projectRoot = "";
			targets = (
				869E24B8255660F70061D72A /* SwiftButton10 */,
			);
		};
/* End PBXProject section */

/* Begin PBXResourcesBuildPhase section */
		869E24B7255660F70061D72A /* Resources */ = {
			isa = PBXResourcesBuildPhase;
			buildActionMask = 2147483647;
			files = (
				869E24C9255660F80061D72A /* LaunchScreen.storyboard in Resources */,
				869E24C6255660F80061D72A /* Assets.xcassets in Resources */,
				869E24C4255660F70061D72A /* Main.storyboard in Resources */,
				869E24D3255663950061D72A /* setting.png in Resources */,
				869E24D12556638A0061D72A /* key.png in Resources */,
			);
			runOnlyForDeploymentPostprocessing = 0;
		};
/* End PBXResourcesBuildPhase section */

/* Begin PBXSourcesBuildPhase section */
		869E24B5255660F70061D72A /* Sources */ = {
			isa = PBXSourcesBuildPhase;
			buildActionMask = 2147483647;
			files = (
				869E24C1255660F70061D72A /* ViewController.swift in Sources */,
				869E24D5255673610061D72A /* NextViewController.swift in Sources */,
				869E24BD255660F70061D72A /* AppDelegate.swift in Sources */,
				869E24BF255660F70061D72A /* SceneDelegate.swift in Sources */,
			);
			runOnlyForDeploymentPostprocessing = 0;
		};
/* End PBXSourcesBuildPhase section */

/* Begin PBXVariantGroup section */
		869E24C2255660F70061D72A /* Main.storyboard */ = {
			isa = PBXVariantGroup;
			children = (
				869E24C3255660F70061D72A /* Base */,
			);
			name = Main.storyboard;
			sourceTree = "<group>";
		};
		869E24C7255660F80061D72A /* LaunchScreen.storyboard */ = {
			isa = PBXVariantGroup;
			children = (
				869E24C8255660F80061D72A /* Base */,
			);
			name = LaunchScreen.storyboard;
			sourceTree = "<group>";
		};
/* End PBXVariantGroup section */

/* Begin XCBuildConfiguration section */
		869E24CB255660F80061D72A /* Debug */ = {
			isa = XCBuildConfiguration;
			buildSettings = {
				ALWAYS_SEARCH_USER_PATHS = NO;
				CLANG_ANALYZER_NONNULL = YES;
				CLANG_ANALYZER_NUMBER_OBJECT_CONVERSION = YES_AGGRESSIVE;
				CLANG_CXX_LANGUAGE_STANDARD = "gnu++14";
				CLANG_CXX_LIBRARY = "libc++";
				CLANG_ENABLE_MODULES = YES;
				CLANG_ENABLE_OBJC_ARC = YES;
				CLANG_ENABLE_OBJC_WEAK = YES;
				CLANG_WARN_BLOCK_CAPTURE_AUTORELEASING = YES;
				CLANG_WARN_BOOL_CONVERSION = YES;
				CLANG_WARN_COMMA = YES;
				CLANG_WARN_CONSTANT_CONVERSION = YES;
				CLANG_WARN_DEPRECATED_OBJC_IMPLEMENTATIONS = YES;
				CLANG_WARN_DIRECT_OBJC_ISA_USAGE = YES_ERROR;
				CLANG_WARN_DOCUMENTATION_COMMENTS = YES;
				CLANG_WARN_EMPTY_BODY = YES;
				CLANG_WARN_ENUM_CONVERSION = YES;
				CLANG_WARN_INFINITE_RECURSION = YES;
				CLANG_WARN_INT_CONVERSION = YES;
				CLANG_WARN_NON_LITERAL_NULL_CONVERSION = YES;
				CLANG_WARN_OBJC_IMPLICIT_RETAIN_SELF = YES;
				CLANG_WARN_OBJC_LITERAL_CONVERSION = YES;
				CLANG_WARN_OBJC_ROOT_CLASS = YES_ERROR;
				CLANG_WARN_RANGE_LOOP_ANALYSIS = YES;
				CLANG_WARN_STRICT_PROTOTYPES = YES;
				CLANG_WARN_SUSPICIOUS_MOVE = YES;
				CLANG_WARN_UNGUARDED_AVAILABILITY = YES_AGGRESSIVE;
				CLANG_WARN_UNREACHABLE_CODE = YES;
				CLANG_WARN__DUPLICATE_METHOD_MATCH = YES;
				COPY_PHASE_STRIP = NO;
				DEBUG_INFORMATION_FORMAT = dwarf;
				ENABLE_STRICT_OBJC_MSGSEND = YES;
				ENABLE_TESTABILITY = YES;
				GCC_C_LANGUAGE_STANDARD = gnu11;
				GCC_DYNAMIC_NO_PIC = NO;
				GCC_NO_COMMON_BLOCKS = YES;
				GCC_OPTIMIZATION_LEVEL = 0;
				GCC_PREPROCESSOR_DEFINITIONS = (
					"DEBUG=1",
					"$(inherited)",
				);
				GCC_WARN_64_TO_32_BIT_CONVERSION = YES;
				GCC_WARN_ABOUT_RETURN_TYPE = YES_ERROR;
				GCC_WARN_UNDECLARED_SELECTOR = YES;
				GCC_WARN_UNINITIALIZED_AUTOS = YES_AGGRESSIVE;
				GCC_WARN_UNUSED_FUNCTION = YES;
				GCC_WARN_UNUSED_VARIABLE = YES;
				IPHONEOS_DEPLOYMENT_TARGET = 13.2;
				MTL_ENABLE_DEBUG_INFO = INCLUDE_SOURCE;
				MTL_FAST_MATH = YES;
				ONLY_ACTIVE_ARCH = YES;
				SDKROOT = iphoneos;
				SWIFT_ACTIVE_COMPILATION_CONDITIONS = DEBUG;
				SWIFT_OPTIMIZATION_LEVEL = "-Onone";
			};
			name = Debug;
		};
		869E24CC255660F80061D72A /* Release */ = {
			isa = XCBuildConfiguration;
			buildSettings = {
				ALWAYS_SEARCH_USER_PATHS = NO;
				CLANG_ANALYZER_NONNULL = YES;
				CLANG_ANALYZER_NUMBER_OBJECT_CONVERSION = YES_AGGRESSIVE;
				CLANG_CXX_LANGUAGE_STANDARD = "gnu++14";
				CLANG_CXX_LIBRARY = "libc++";
				CLANG_ENABLE_MODULES = YES;
				CLANG_ENABLE_OBJC_ARC = YES;
				CLANG_ENABLE_OBJC_WEAK = YES;
				CLANG_WARN_BLOCK_CAPTURE_AUTORELEASING = YES;
				CLANG_WARN_BOOL_CONVERSION = YES;
				CLANG_WARN_COMMA = YES;
				CLANG_WARN_CONSTANT_CONVERSION = YES;
				CLANG_WARN_DEPRECATED_OBJC_IMPLEMENTATIONS = YES;
				CLANG_WARN_DIRECT_OBJC_ISA_USAGE = YES_ERROR;
				CLANG_WARN_DOCUMENTATION_COMMENTS = YES;
				CLANG_WARN_EMPTY_BODY = YES;
				CLANG_WARN_ENUM_CONVERSION = YES;
				CLANG_WARN_INFINITE_RECURSION = YES;
				CLANG_WARN_INT_CONVERSION = YES;
				CLANG_WARN_NON_LITERAL_NULL_CONVERSION = YES;
				CLANG_WARN_OBJC_IMPLICIT_RETAIN_SELF = YES;
				CLANG_WARN_OBJC_LITERAL_CONVERSION = YES;
				CLANG_WARN_OBJC_ROOT_CLASS = YES_ERROR;
				CLANG_WARN_RANGE_LOOP_ANALYSIS = YES;
				CLANG_WARN_STRICT_PROTOTYPES = YES;
				CLANG_WARN_SUSPICIOUS_MOVE = YES;
				CLANG_WARN_UNGUARDED_AVAILABILITY = YES_AGGRESSIVE;
				CLANG_WARN_UNREACHABLE_CODE = YES;
				CLANG_WARN__DUPLICATE_METHOD_MATCH = YES;
				COPY_PHASE_STRIP = NO;
				DEBUG_INFORMATION_FORMAT = "dwarf-with-dsym";
				ENABLE_NS_ASSERTIONS = NO;
				ENABLE_STRICT_OBJC_MSGSEND = YES;
				GCC_C_LANGUAGE_STANDARD = gnu11;
				GCC_NO_COMMON_BLOCKS = YES;
				GCC_WARN_64_TO_32_BIT_CONVERSION = YES;
				GCC_WARN_ABOUT_RETURN_TYPE = YES_ERROR;
				GCC_WARN_UNDECLARED_SELECTOR = YES;
				GCC_WARN_UNINITIALIZED_AUTOS = YES_AGGRESSIVE;
				GCC_WARN_UNUSED_FUNCTION = YES;
				GCC_WARN_UNUSED_VARIABLE = YES;
				IPHONEOS_DEPLOYMENT_TARGET = 13.2;
				MTL_ENABLE_DEBUG_INFO = NO;
				MTL_FAST_MATH = YES;
				SDKROOT = iphoneos;
				SWIFT_COMPILATION_MODE = wholemodule;
				SWIFT_OPTIMIZATION_LEVEL = "-O";
				VALIDATE_PRODUCT = YES;
			};
			name = Release;
		};
		869E24CE255660F80061D72A /* Debug */ = {
			isa = XCBuildConfiguration;
			buildSettings = {
				ASSETCATALOG_COMPILER_APPICON_NAME = AppIcon;
				CODE_SIGN_STYLE = Automatic;
				DEVELOPMENT_TEAM = L6A5VT8J9W;
				INFOPLIST_FILE = SwiftButton10/Info.plist;
				LD_RUNPATH_SEARCH_PATHS = (
					"$(inherited)",
					"@executable_path/Frameworks",
				);
				PRODUCT_BUNDLE_IDENTIFIER = com.training.SwiftButton10;
				PRODUCT_NAME = "$(TARGET_NAME)";
				SWIFT_VERSION = 5.0;
				TARGETED_DEVICE_FAMILY = "1,2";
			};
			name = Debug;
		};
		869E24CF255660F80061D72A /* Release */ = {
			isa = XCBuildConfiguration;
			buildSettings = {
				ASSETCATALOG_COMPILER_APPICON_NAME = AppIcon;
				CODE_SIGN_STYLE = Automatic;
				DEVELOPMENT_TEAM = L6A5VT8J9W;
				INFOPLIST_FILE = SwiftButton10/Info.plist;
				LD_RUNPATH_SEARCH_PATHS = (
					"$(inherited)",
					"@executable_path/Frameworks",
				);
				PRODUCT_BUNDLE_IDENTIFIER = com.training.SwiftButton10;
				PRODUCT_NAME = "$(TARGET_NAME)";
				SWIFT_VERSION = 5.0;
				TARGETED_DEVICE_FAMILY = "1,2";
			};
			name = Release;
		};
/* End XCBuildConfiguration section */

/* Begin XCConfigurationList section */
		869E24B4255660F70061D72A /* Build configuration list for PBXProject "SwiftButton10" */ = {
			isa = XCConfigurationList;
			buildConfigurations = (
				869E24CB255660F80061D72A /* Debug */,
				869E24CC255660F80061D72A /* Release */,
			);
			defaultConfigurationIsVisible = 0;
			defaultConfigurationName = Release;
		};
		869E24CD255660F80061D72A /* Build configuration list for PBXNativeTarget "SwiftButton10" */ = {
			isa = XCConfigurationList;
			buildConfigurations = (
				869E24CE255660F80061D72A /* Debug */,
				869E24CF255660F80061D72A /* Release */,
			);
			defaultConfigurationIsVisible = 0;
			defaultConfigurationName = Release;
		};
/* End XCConfigurationList section */
	};
	rootObject = 869E24B1255660F70061D72A /* Project object */;
}
